
Microsoft Visual Studio Solution File, Format Version 12.00
# Visual Studio 2012
Project("{FAE04EC0-301F-11D3-BF4B-00C04F79EFBC}") = "Libreria_de_clases", "Libreria_de_clases\Libreria_de_clases.csproj", "{FEC0364B-6541-4849-A5DF-261D2794B3A4}"
EndProject
Global
	GlobalSection(SolutionConfigurationPlatforms) = preSolution
		Debug|Any CPU = Debug|Any CPU
		Release|Any CPU = Release|Any CPU
	EndGlobalSection
	GlobalSection(ProjectConfigurationPlatforms) = postSolution
		{FEC0364B-6541-4849-A5DF-261D2794B3A4}.Debug|Any CPU.ActiveCfg = Debug|Any CPU
		{FEC0364B-6541-4849-A5DF-261D2794B3A4}.Debug|Any CPU.Build.0 = Debug|Any CPU
		{FEC0364B-6541-4849-A5DF-261D2794B3A4}.Release|Any CPU.ActiveCfg = Release|Any CPU
		{FEC0364B-6541-4849-A5DF-261D2794B3A4}.Release|Any CPU.Build.0 = Release|Any CPU
	EndGlobalSection
EndGlobal
